
Microsoft Visual Studio Solution File, Format Version 12.00
# Visual Studio Version 16
VisualStudioVersion = 16.0.29123.88
MinimumVisualStudioVersion = 10.0.40219.1
Project("{8BC9CEB8-8B4A-11D0-8D11-00A0C91BC942}") = "OpenSpaceRenderingLibrary", "OpenSpaceRenderingLibrary.vcxproj", "{53C8EA8F-5303-4937-A96E-191B31E18D63}"
EndProject
Global
	GlobalSection(SolutionConfigurationPlatforms) = preSolution
		Debug|x64 = Debug|x64
		Debug|x86 = Debug|x86
		Release|x64 = Release|x64
		Release|x86 = Release|x86
	EndGlobalSection
	GlobalSection(ProjectConfigurationPlatforms) = postSolution
		{53C8EA8F-5303-4937-A96E-191B31E18D63}.Debug|x64.ActiveCfg = Debug|x64
		{53C8EA8F-5303-4937-A96E-191B31E18D63}.Debug|x64.Build.0 = Debug|x64
		{53C8EA8F-5303-4937-A96E-191B31E18D63}.Debug|x86.ActiveCfg = Debug|Win32
		{53C8EA8F-5303-4937-A96E-191B31E18D63}.Debug|x86.Build.0 = Debug|Win32
		{53C8EA8F-5303-4937-A96E-191B31E18D63}.Release|x64.ActiveCfg = Release|x64
		{53C8EA8F-5303-4937-A96E-191B31E18D63}.Release|x64.Build.0 = Release|x64
		{53C8EA8F-5303-4937-A96E-191B31E18D63}.Release|x86.ActiveCfg = Release|Win32
		{53C8EA8F-5303-4937-A96E-191B31E18D63}.Release|x86.Build.0 = Release|Win32
	EndGlobalSection
	GlobalSection(SolutionProperties) = preSolution
		HideSolutionNode = FALSE
	EndGlobalSection
	GlobalSection(ExtensibilityGlobals) = postSolution
		SolutionGuid = {BBA5C7A4-C0A1-4F20-B0AF-BE198E34E853}
	EndGlobalSection
EndGlobal
